
Microsoft Visual Studio Solution File, Format Version 11.00
# Visual Studio 2010
Project("{FAE04EC0-301F-11D3-BF4B-00C04F79EFBC}") = "Hasbot.IPhone", "Hasbot.IPhone\Hasbot.IPhone.csproj", "{4D6A060A-0219-4591-AF9E-3CB6BAFB2C8C}"
EndProject
Project("{FAE04EC0-301F-11D3-BF4B-00C04F79EFBC}") = "Hashbot.Logic", "..\Logic\Hashbot.Logic\Hashbot.Logic.csproj", "{E5A7A578-55BB-499B-BC99-5D906BE0189C}"
EndProject
Global
	GlobalSection(SolutionConfigurationPlatforms) = preSolution
		Debug|iPhoneSimulator = Debug|iPhoneSimulator
		Release|iPhoneSimulator = Release|iPhoneSimulator
		Debug|iPhone = Debug|iPhone
		Release|iPhone = Release|iPhone
		Ad-Hoc|iPhone = Ad-Hoc|iPhone
		AppStore|iPhone = AppStore|iPhone
	EndGlobalSection
	GlobalSection(ProjectConfigurationPlatforms) = postSolution
		{4D6A060A-0219-4591-AF9E-3CB6BAFB2C8C}.Ad-Hoc|iPhone.ActiveCfg = Ad-Hoc|iPhone
		{4D6A060A-0219-4591-AF9E-3CB6BAFB2C8C}.Ad-Hoc|iPhone.Build.0 = Ad-Hoc|iPhone
		{4D6A060A-0219-4591-AF9E-3CB6BAFB2C8C}.AppStore|iPhone.ActiveCfg = AppStore|iPhone
		{4D6A060A-0219-4591-AF9E-3CB6BAFB2C8C}.AppStore|iPhone.Build.0 = AppStore|iPhone
		{4D6A060A-0219-4591-AF9E-3CB6BAFB2C8C}.Debug|iPhone.ActiveCfg = Debug|iPhone
		{4D6A060A-0219-4591-AF9E-3CB6BAFB2C8C}.Debug|iPhone.Build.0 = Debug|iPhone
		{4D6A060A-0219-4591-AF9E-3CB6BAFB2C8C}.Debug|iPhoneSimulator.ActiveCfg = Debug|iPhoneSimulator
		{4D6A060A-0219-4591-AF9E-3CB6BAFB2C8C}.Debug|iPhoneSimulator.Build.0 = Debug|iPhoneSimulator
		{4D6A060A-0219-4591-AF9E-3CB6BAFB2C8C}.Release|iPhone.ActiveCfg = Release|iPhone
		{4D6A060A-0219-4591-AF9E-3CB6BAFB2C8C}.Release|iPhone.Build.0 = Release|iPhone
		{4D6A060A-0219-4591-AF9E-3CB6BAFB2C8C}.Release|iPhoneSimulator.ActiveCfg = Release|iPhoneSimulator
		{4D6A060A-0219-4591-AF9E-3CB6BAFB2C8C}.Release|iPhoneSimulator.Build.0 = Release|iPhoneSimulator
		{E5A7A578-55BB-499B-BC99-5D906BE0189C}.Ad-Hoc|iPhone.ActiveCfg = Release|Any CPU
		{E5A7A578-55BB-499B-BC99-5D906BE0189C}.Ad-Hoc|iPhone.Build.0 = Release|Any CPU
		{E5A7A578-55BB-499B-BC99-5D906BE0189C}.AppStore|iPhone.ActiveCfg = Release|Any CPU
		{E5A7A578-55BB-499B-BC99-5D906BE0189C}.AppStore|iPhone.Build.0 = Release|Any CPU
		{E5A7A578-55BB-499B-BC99-5D906BE0189C}.Debug|iPhone.ActiveCfg = Debug|Any CPU
		{E5A7A578-55BB-499B-BC99-5D906BE0189C}.Debug|iPhone.Build.0 = Debug|Any CPU
		{E5A7A578-55BB-499B-BC99-5D906BE0189C}.Debug|iPhoneSimulator.ActiveCfg = Debug|Any CPU
		{E5A7A578-55BB-499B-BC99-5D906BE0189C}.Debug|iPhoneSimulator.Build.0 = Debug|Any CPU
		{E5A7A578-55BB-499B-BC99-5D906BE0189C}.Release|iPhone.ActiveCfg = Release|Any CPU
		{E5A7A578-55BB-499B-BC99-5D906BE0189C}.Release|iPhone.Build.0 = Release|Any CPU
		{E5A7A578-55BB-499B-BC99-5D906BE0189C}.Release|iPhoneSimulator.ActiveCfg = Release|Any CPU
		{E5A7A578-55BB-499B-BC99-5D906BE0189C}.Release|iPhoneSimulator.Build.0 = Release|Any CPU
	EndGlobalSection
	GlobalSection(MonoDevelopProperties) = preSolution
		StartupItem = Hasbot.IPhone\Hasbot.IPhone.csproj
	EndGlobalSection
EndGlobal
