
Microsoft Visual Studio Solution File, Format Version 11.00
# Visual Studio 2010
Project("{FAE04EC0-301F-11D3-BF4B-00C04F79EFBC}") = "Hashbot.IPhone", "Hashbot.IPhone\Hashbot.IPhone.csproj", "{17E7D247-06D5-4FDE-8783-24456916ADF8}"
EndProject
Project("{FAE04EC0-301F-11D3-BF4B-00C04F79EFBC}") = "Hashbot.Logic", "..\Logic\Hashbot.Logic\Hashbot.Logic.csproj", "{07F6C2E0-CD77-45BE-9700-5FF3FDB73014}"
EndProject
Global
	GlobalSection(SolutionConfigurationPlatforms) = preSolution
		Debug|iPhoneSimulator = Debug|iPhoneSimulator
		Release|iPhoneSimulator = Release|iPhoneSimulator
		Debug|iPhone = Debug|iPhone
		Release|iPhone = Release|iPhone
		Ad-Hoc|iPhone = Ad-Hoc|iPhone
		AppStore|iPhone = AppStore|iPhone
	EndGlobalSection
	GlobalSection(ProjectConfigurationPlatforms) = postSolution
		{07F6C2E0-CD77-45BE-9700-5FF3FDB73014}.Ad-Hoc|iPhone.ActiveCfg = Release|Any CPU
		{07F6C2E0-CD77-45BE-9700-5FF3FDB73014}.Ad-Hoc|iPhone.Build.0 = Release|Any CPU
		{07F6C2E0-CD77-45BE-9700-5FF3FDB73014}.AppStore|iPhone.ActiveCfg = Release|Any CPU
		{07F6C2E0-CD77-45BE-9700-5FF3FDB73014}.AppStore|iPhone.Build.0 = Release|Any CPU
		{07F6C2E0-CD77-45BE-9700-5FF3FDB73014}.Debug|iPhone.ActiveCfg = Debug|Any CPU
		{07F6C2E0-CD77-45BE-9700-5FF3FDB73014}.Debug|iPhone.Build.0 = Debug|Any CPU
		{07F6C2E0-CD77-45BE-9700-5FF3FDB73014}.Debug|iPhoneSimulator.ActiveCfg = Debug|Any CPU
		{07F6C2E0-CD77-45BE-9700-5FF3FDB73014}.Debug|iPhoneSimulator.Build.0 = Debug|Any CPU
		{07F6C2E0-CD77-45BE-9700-5FF3FDB73014}.Release|iPhone.ActiveCfg = Release|Any CPU
		{07F6C2E0-CD77-45BE-9700-5FF3FDB73014}.Release|iPhone.Build.0 = Release|Any CPU
		{07F6C2E0-CD77-45BE-9700-5FF3FDB73014}.Release|iPhoneSimulator.ActiveCfg = Release|Any CPU
		{07F6C2E0-CD77-45BE-9700-5FF3FDB73014}.Release|iPhoneSimulator.Build.0 = Release|Any CPU
		{17E7D247-06D5-4FDE-8783-24456916ADF8}.Ad-Hoc|iPhone.ActiveCfg = Ad-Hoc|iPhone
		{17E7D247-06D5-4FDE-8783-24456916ADF8}.Ad-Hoc|iPhone.Build.0 = Ad-Hoc|iPhone
		{17E7D247-06D5-4FDE-8783-24456916ADF8}.AppStore|iPhone.ActiveCfg = AppStore|iPhone
		{17E7D247-06D5-4FDE-8783-24456916ADF8}.AppStore|iPhone.Build.0 = AppStore|iPhone
		{17E7D247-06D5-4FDE-8783-24456916ADF8}.Debug|iPhone.ActiveCfg = Debug|iPhone
		{17E7D247-06D5-4FDE-8783-24456916ADF8}.Debug|iPhone.Build.0 = Debug|iPhone
		{17E7D247-06D5-4FDE-8783-24456916ADF8}.Debug|iPhoneSimulator.ActiveCfg = Debug|iPhoneSimulator
		{17E7D247-06D5-4FDE-8783-24456916ADF8}.Debug|iPhoneSimulator.Build.0 = Debug|iPhoneSimulator
		{17E7D247-06D5-4FDE-8783-24456916ADF8}.Release|iPhone.ActiveCfg = Release|iPhone
		{17E7D247-06D5-4FDE-8783-24456916ADF8}.Release|iPhone.Build.0 = Release|iPhone
		{17E7D247-06D5-4FDE-8783-24456916ADF8}.Release|iPhoneSimulator.ActiveCfg = Release|iPhoneSimulator
		{17E7D247-06D5-4FDE-8783-24456916ADF8}.Release|iPhoneSimulator.Build.0 = Release|iPhoneSimulator
	EndGlobalSection
	GlobalSection(MonoDevelopProperties) = preSolution
		StartupItem = Hashbot.IPhone\Hashbot.IPhone.csproj
	EndGlobalSection
EndGlobal
